
Microsoft Visual Studio Solution File, Format Version 12.00
# Visual Studio Version 17
VisualStudioVersion = 17.8.34316.72
MinimumVisualStudioVersion = 10.0.40219.1
Project("{FAE04EC0-301F-11D3-BF4B-00C04F79EFBC}") = "BlazorEcommerce.Server", "BlazorEcommerce\Server\BlazorEcommerce.Server.csproj", "{FC235276-5725-4788-BAEC-2C919E5DE110}"
EndProject
Project("{FAE04EC0-301F-11D3-BF4B-00C04F79EFBC}") = "BlazorEcommerce.Client", "BlazorEcommerce\Client\BlazorEcommerce.Client.csproj", "{3B06B07C-3612-4E74-AEA3-0C24D785FA1B}"
EndProject
Project("{FAE04EC0-301F-11D3-BF4B-00C04F79EFBC}") = "BlazorEcommerce.Shared", "BlazorEcommerce\Shared\BlazorEcommerce.Shared.csproj", "{3ADA631D-7BAD-44ED-AB63-68EDB56F5009}"
EndProject
Global
	GlobalSection(SolutionConfigurationPlatforms) = preSolution
		Debug|Any CPU = Debug|Any CPU
		Release|Any CPU = Release|Any CPU
	EndGlobalSection
	GlobalSection(ProjectConfigurationPlatforms) = postSolution
		{FC235276-5725-4788-BAEC-2C919E5DE110}.Debug|Any CPU.ActiveCfg = Debug|Any CPU
		{FC235276-5725-4788-BAEC-2C919E5DE110}.Debug|Any CPU.Build.0 = Debug|Any CPU
		{FC235276-5725-4788-BAEC-2C919E5DE110}.Release|Any CPU.ActiveCfg = Release|Any CPU
		{FC235276-5725-4788-BAEC-2C919E5DE110}.Release|Any CPU.Build.0 = Release|Any CPU
		{3B06B07C-3612-4E74-AEA3-0C24D785FA1B}.Debug|Any CPU.ActiveCfg = Debug|Any CPU
		{3B06B07C-3612-4E74-AEA3-0C24D785FA1B}.Debug|Any CPU.Build.0 = Debug|Any CPU
		{3B06B07C-3612-4E74-AEA3-0C24D785FA1B}.Release|Any CPU.ActiveCfg = Release|Any CPU
		{3B06B07C-3612-4E74-AEA3-0C24D785FA1B}.Release|Any CPU.Build.0 = Release|Any CPU
		{3ADA631D-7BAD-44ED-AB63-68EDB56F5009}.Debug|Any CPU.ActiveCfg = Debug|Any CPU
		{3ADA631D-7BAD-44ED-AB63-68EDB56F5009}.Debug|Any CPU.Build.0 = Debug|Any CPU
		{3ADA631D-7BAD-44ED-AB63-68EDB56F5009}.Release|Any CPU.ActiveCfg = Release|Any CPU
		{3ADA631D-7BAD-44ED-AB63-68EDB56F5009}.Release|Any CPU.Build.0 = Release|Any CPU
	EndGlobalSection
	GlobalSection(SolutionProperties) = preSolution
		HideSolutionNode = FALSE
	EndGlobalSection
	GlobalSection(ExtensibilityGlobals) = postSolution
		SolutionGuid = {A05CC442-E5C0-480B-8BEB-4AB56242F4AE}
	EndGlobalSection
EndGlobal
